// !$*UTF8*$!
{
	archiveVersion = 1;
	classes = {
	};
	objectVersion = 55;
	objects = {

/* Begin PBXBuildFile section */
		D905B2C22809B96000FBB5A8 /* AppDelegate.swift in Sources */ = {isa = PBXBuildFile; fileRef = D905B2C12809B96000FBB5A8 /* AppDelegate.swift */; };
		D905B2C42809B96000FBB5A8 /* SceneDelegate.swift in Sources */ = {isa = PBXBuildFile; fileRef = D905B2C32809B96000FBB5A8 /* SceneDelegate.swift */; };
		D905B2C62809B96000FBB5A8 /* ViewController.swift in Sources */ = {isa = PBXBuildFile; fileRef = D905B2C52809B96000FBB5A8 /* ViewController.swift */; };
		D905B2C92809B96000FBB5A8 /* Main.storyboard in Resources */ = {isa = PBXBuildFile; fileRef = D905B2C72809B96000FBB5A8 /* Main.storyboard */; };
		D905B2CB2809B96200FBB5A8 /* Assets.xcassets in Resources */ = {isa = PBXBuildFile; fileRef = D905B2CA2809B96200FBB5A8 /* Assets.xcassets */; };
		D905B2CE2809B96200FBB5A8 /* LaunchScreen.storyboard in Resources */ = {isa = PBXBuildFile; fileRef = D905B2CC2809B96200FBB5A8 /* LaunchScreen.storyboard */; };
		D905B2D92809B96300FBB5A8 /* LoginTests.swift in Sources */ = {isa = PBXBuildFile; fileRef = D905B2D82809B96300FBB5A8 /* LoginTests.swift */; };
		D905B2E32809B96300FBB5A8 /* LoginUITests.swift in Sources */ = {isa = PBXBuildFile; fileRef = D905B2E22809B96300FBB5A8 /* LoginUITests.swift */; };
		D905B2E52809B96300FBB5A8 /* LoginUITestsLaunchTests.swift in Sources */ = {isa = PBXBuildFile; fileRef = D905B2E42809B96300FBB5A8 /* LoginUITestsLaunchTests.swift */; };
/* End PBXBuildFile section */

/* Begin PBXContainerItemProxy section */
		D905B2D52809B96300FBB5A8 /* PBXContainerItemProxy */ = {
			isa = PBXContainerItemProxy;
			containerPortal = D905B2B62809B96000FBB5A8 /* Project object */;
			proxyType = 1;
			remoteGlobalIDString = D905B2BD2809B96000FBB5A8;
			remoteInfo = Login;
		};
		D905B2DF2809B96300FBB5A8 /* PBXContainerItemProxy */ = {
			isa = PBXContainerItemProxy;
			containerPortal = D905B2B62809B96000FBB5A8 /* Project object */;
			proxyType = 1;
			remoteGlobalIDString = D905B2BD2809B96000FBB5A8;
			remoteInfo = Login;
		};
/* End PBXContainerItemProxy section */

/* Begin PBXFileReference section */
		D905B2BE2809B96000FBB5A8 /* Login.app */ = {isa = PBXFileReference; explicitFileType = wrapper.application; includeInIndex = 0; path = Login.app; sourceTree = BUILT_PRODUCTS_DIR; };
		D905B2C12809B96000FBB5A8 /* AppDelegate.swift */ = {isa = PBXFileReference; lastKnownFileType = sourcecode.swift; path = AppDelegate.swift; sourceTree = "<group>"; };
		D905B2C32809B96000FBB5A8 /* SceneDelegate.swift */ = {isa = PBXFileReference; lastKnownFileType = sourcecode.swift; path = SceneDelegate.swift; sourceTree = "<group>"; };
		D905B2C52809B96000FBB5A8 /* ViewController.swift */ = {isa = PBXFileReference; lastKnownFileType = sourcecode.swift; path = ViewController.swift; sourceTree = "<group>"; };
		D905B2C82809B96000FBB5A8 /* Base */ = {isa = PBXFileReference; lastKnownFileType = file.storyboard; name = Base; path = Base.lproj/Main.storyboard; sourceTree = "<group>"; };
		D905B2CA2809B96200FBB5A8 /* Assets.xcassets */ = {isa = PBXFileReference; lastKnownFileType = folder.assetcatalog; path = Assets.xcassets; sourceTree = "<group>"; };
		D905B2CD2809B96200FBB5A8 /* Base */ = {isa = PBXFileReference; lastKnownFileType = file.storyboard; name = Base; path = Base.lproj/LaunchScreen.storyboard; sourceTree = "<group>"; };
		D905B2CF2809B96200FBB5A8 /* Info.plist */ = {isa = PBXFileReference; lastKnownFileType = text.plist.xml; path = Info.plist; sourceTree = "<group>"; };
		D905B2D42809B96300FBB5A8 /* LoginTests.xctest */ = {isa = PBXFileReference; explicitFileType = wrapper.cfbundle; includeInIndex = 0; path = LoginTests.xctest; sourceTree = BUILT_PRODUCTS_DIR; };
		D905B2D82809B96300FBB5A8 /* LoginTests.swift */ = {isa = PBXFileReference; lastKnownFileType = sourcecode.swift; path = LoginTests.swift; sourceTree = "<group>"; };
		D905B2DE2809B96300FBB5A8 /* LoginUITests.xctest */ = {isa = PBXFileReference; explicitFileType = wrapper.cfbundle; includeInIndex = 0; path = LoginUITests.xctest; sourceTree = BUILT_PRODUCTS_DIR; };
		D905B2E22809B96300FBB5A8 /* LoginUITests.swift */ = {isa = PBXFileReference; lastKnownFileType = sourcecode.swift; path = LoginUITests.swift; sourceTree = "<group>"; };
		D905B2E42809B96300FBB5A8 /* LoginUITestsLaunchTests.swift */ = {isa = PBXFileReference; lastKnownFileType = sourcecode.swift; path = LoginUITestsLaunchTests.swift; sourceTree = "<group>"; };
/* End PBXFileReference section */

/* Begin PBXFrameworksBuildPhase section */
		D905B2BB2809B96000FBB5A8 /* Frameworks */ = {
			isa = PBXFrameworksBuildPhase;
			buildActionMask = 2147483647;
			files = (
			);
			runOnlyForDeploymentPostprocessing = 0;
		};
		D905B2D12809B96300FBB5A8 /* Frameworks */ = {
			isa = PBXFrameworksBuildPhase;
			buildActionMask = 2147483647;
			files = (
			);
			runOnlyForDeploymentPostprocessing = 0;
		};
		D905B2DB2809B96300FBB5A8 /* Frameworks */ = {
			isa = PBXFrameworksBuildPhase;
			buildActionMask = 2147483647;
			files = (
			);
			runOnlyForDeploymentPostprocessing = 0;
		};
/* End PBXFrameworksBuildPhase section */

/* Begin PBXGroup section */
		D905B2B52809B96000FBB5A8 = {
			isa = PBXGroup;
			children = (
				D905B2C02809B96000FBB5A8 /* Login */,
				D905B2D72809B96300FBB5A8 /* LoginTests */,
				D905B2E12809B96300FBB5A8 /* LoginUITests */,
				D905B2BF2809B96000FBB5A8 /* Products */,
			);
			sourceTree = "<group>";
		};
		D905B2BF2809B96000FBB5A8 /* Products */ = {
			isa = PBXGroup;
			children = (
				D905B2BE2809B96000FBB5A8 /* Login.app */,
				D905B2D42809B96300FBB5A8 /* LoginTests.xctest */,
				D905B2DE2809B96300FBB5A8 /* LoginUITests.xctest */,
			);
			name = Products;
			sourceTree = "<group>";
		};
		D905B2C02809B96000FBB5A8 /* Login */ = {
			isa = PBXGroup;
			children = (
				D905B2C12809B96000FBB5A8 /* AppDelegate.swift */,
				D905B2C32809B96000FBB5A8 /* SceneDelegate.swift */,
				D905B2C52809B96000FBB5A8 /* ViewController.swift */,
				D905B2C72809B96000FBB5A8 /* Main.storyboard */,
				D905B2CA2809B96200FBB5A8 /* Assets.xcassets */,
				D905B2CC2809B96200FBB5A8 /* LaunchScreen.storyboard */,
				D905B2CF2809B96200FBB5A8 /* Info.plist */,
			);
			path = Login;
			sourceTree = "<group>";
		};
		D905B2D72809B96300FBB5A8 /* LoginTests */ = {
			isa = PBXGroup;
			children = (
				D905B2D82809B96300FBB5A8 /* LoginTests.swift */,
			);
			path = LoginTests;
			sourceTree = "<group>";
		};
		D905B2E12809B96300FBB5A8 /* LoginUITests */ = {
			isa = PBXGroup;
			children = (
				D905B2E22809B96300FBB5A8 /* LoginUITests.swift */,
				D905B2E42809B96300FBB5A8 /* LoginUITestsLaunchTests.swift */,
			);
			path = LoginUITests;
			sourceTree = "<group>";
		};
/* End PBXGroup section */

/* Begin PBXNativeTarget section */
		D905B2BD2809B96000FBB5A8 /* Login */ = {
			isa = PBXNativeTarget;
			buildConfigurationList = D905B2E82809B96300FBB5A8 /* Build configuration list for PBXNativeTarget "Login" */;
			buildPhases = (
				D905B2BA2809B96000FBB5A8 /* Sources */,
				D905B2BB2809B96000FBB5A8 /* Frameworks */,
				D905B2BC2809B96000FBB5A8 /* Resources */,
			);
			buildRules = (
			);
			dependencies = (
			);
			name = Login;
			productName = Login;
			productReference = D905B2BE2809B96000FBB5A8 /* Login.app */;
			productType = "com.apple.product-type.application";
		};
		D905B2D32809B96300FBB5A8 /* LoginTests */ = {
			isa = PBXNativeTarget;
			buildConfigurationList = D905B2EB2809B96300FBB5A8 /* Build configuration list for PBXNativeTarget "LoginTests" */;
			buildPhases = (
				D905B2D02809B96300FBB5A8 /* Sources */,
				D905B2D12809B96300FBB5A8 /* Frameworks */,
				D905B2D22809B96300FBB5A8 /* Resources */,
			);
			buildRules = (
			);
			dependencies = (
				D905B2D62809B96300FBB5A8 /* PBXTargetDependency */,
			);
			name = LoginTests;
			productName = LoginTests;
			productReference = D905B2D42809B96300FBB5A8 /* LoginTests.xctest */;
			productType = "com.apple.product-type.bundle.unit-test";
		};
		D905B2DD2809B96300FBB5A8 /* LoginUITests */ = {
			isa = PBXNativeTarget;
			buildConfigurationList = D905B2EE2809B96300FBB5A8 /* Build configuration list for PBXNativeTarget "LoginUITests" */;
			buildPhases = (
				D905B2DA2809B96300FBB5A8 /* Sources */,
				D905B2DB2809B96300FBB5A8 /* Frameworks */,
				D905B2DC2809B96300FBB5A8 /* Resources */,
			);
			buildRules = (
			);
			dependencies = (
				D905B2E02809B96300FBB5A8 /* PBXTargetDependency */,
			);
			name = LoginUITests;
			productName = LoginUITests;
			productReference = D905B2DE2809B96300FBB5A8 /* LoginUITests.xctest */;
			productType = "com.apple.product-type.bundle.ui-testing";
		};
/* End PBXNativeTarget section */

/* Begin PBXProject section */
		D905B2B62809B96000FBB5A8 /* Project object */ = {
			isa = PBXProject;
			attributes = {
				BuildIndependentTargetsInParallel = 1;
				LastSwiftUpdateCheck = 1320;
				LastUpgradeCheck = 1320;
				TargetAttributes = {
					D905B2BD2809B96000FBB5A8 = {
						CreatedOnToolsVersion = 13.2.1;
					};
					D905B2D32809B96300FBB5A8 = {
						CreatedOnToolsVersion = 13.2.1;
						TestTargetID = D905B2BD2809B96000FBB5A8;
					};
					D905B2DD2809B96300FBB5A8 = {
						CreatedOnToolsVersion = 13.2.1;
						TestTargetID = D905B2BD2809B96000FBB5A8;
					};
				};
			};
			buildConfigurationList = D905B2B92809B96000FBB5A8 /* Build configuration list for PBXProject "Login" */;
			compatibilityVersion = "Xcode 13.0";
			developmentRegion = en;
			hasScannedForEncodings = 0;
			knownRegions = (
				en,
				Base,
			);
			mainGroup = D905B2B52809B96000FBB5A8;
			productRefGroup = D905B2BF2809B96000FBB5A8 /* Products */;
			projectDirPath = "";
			projectRoot = "";
			targets = (
				D905B2BD2809B96000FBB5A8 /* Login */,
				D905B2D32809B96300FBB5A8 /* LoginTests */,
				D905B2DD2809B96300FBB5A8 /* LoginUITests */,
			);
		};
/* End PBXProject section */

/* Begin PBXResourcesBuildPhase section */
		D905B2BC2809B96000FBB5A8 /* Resources */ = {
			isa = PBXResourcesBuildPhase;
			buildActionMask = 2147483647;
			files = (
				D905B2CE2809B96200FBB5A8 /* LaunchScreen.storyboard in Resources */,
				D905B2CB2809B96200FBB5A8 /* Assets.xcassets in Resources */,
				D905B2C92809B96000FBB5A8 /* Main.storyboard in Resources */,
			);
			runOnlyForDeploymentPostprocessing = 0;
		};
		D905B2D22809B96300FBB5A8 /* Resources */ = {
			isa = PBXResourcesBuildPhase;
			buildActionMask = 2147483647;
			files = (
			);
			runOnlyForDeploymentPostprocessing = 0;
		};
		D905B2DC2809B96300FBB5A8 /* Resources */ = {
			isa = PBXResourcesBuildPhase;
			buildActionMask = 2147483647;
			files = (
			);
			runOnlyForDeploymentPostprocessing = 0;
		};
/* End PBXResourcesBuildPhase section */

/* Begin PBXSourcesBuildPhase section */
		D905B2BA2809B96000FBB5A8 /* Sources */ = {
			isa = PBXSourcesBuildPhase;
			buildActionMask = 2147483647;
			files = (
				D905B2C62809B96000FBB5A8 /* ViewController.swift in Sources */,
				D905B2C22809B96000FBB5A8 /* AppDelegate.swift in Sources */,
				D905B2C42809B96000FBB5A8 /* SceneDelegate.swift in Sources */,
			);
			runOnlyForDeploymentPostprocessing = 0;
		};
		D905B2D02809B96300FBB5A8 /* Sources */ = {
			isa = PBXSourcesBuildPhase;
			buildActionMask = 2147483647;
			files = (
				D905B2D92809B96300FBB5A8 /* LoginTests.swift in Sources */,
			);
			runOnlyForDeploymentPostprocessing = 0;
		};
		D905B2DA2809B96300FBB5A8 /* Sources */ = {
			isa = PBXSourcesBuildPhase;
			buildActionMask = 2147483647;
			files = (
				D905B2E52809B96300FBB5A8 /* LoginUITestsLaunchTests.swift in Sources */,
				D905B2E32809B96300FBB5A8 /* LoginUITests.swift in Sources */,
			);
			runOnlyForDeploymentPostprocessing = 0;
		};
/* End PBXSourcesBuildPhase section */

/* Begin PBXTargetDependency section */
		D905B2D62809B96300FBB5A8 /* PBXTargetDependency */ = {
			isa = PBXTargetDependency;
			target = D905B2BD2809B96000FBB5A8 /* Login */;
			targetProxy = D905B2D52809B96300FBB5A8 /* PBXContainerItemProxy */;
		};
		D905B2E02809B96300FBB5A8 /* PBXTargetDependency */ = {
			isa = PBXTargetDependency;
			target = D905B2BD2809B96000FBB5A8 /* Login */;
			targetProxy = D905B2DF2809B96300FBB5A8 /* PBXContainerItemProxy */;
		};
/* End PBXTargetDependency section */

/* Begin PBXVariantGroup section */
		D905B2C72809B96000FBB5A8 /* Main.storyboard */ = {
			isa = PBXVariantGroup;
			children = (
				D905B2C82809B96000FBB5A8 /* Base */,
			);
			name = Main.storyboard;
			sourceTree = "<group>";
		};
		D905B2CC2809B96200FBB5A8 /* LaunchScreen.storyboard */ = {
			isa = PBXVariantGroup;
			children = (
				D905B2CD2809B96200FBB5A8 /* Base */,
			);
			name = LaunchScreen.storyboard;
			sourceTree = "<group>";
		};
/* End PBXVariantGroup section */

/* Begin XCBuildConfiguration section */
		D905B2E62809B96300FBB5A8 /* Debug */ = {
			isa = XCBuildConfiguration;
			buildSettings = {
				ALWAYS_SEARCH_USER_PATHS = NO;
				CLANG_ANALYZER_NONNULL = YES;
				CLANG_ANALYZER_NUMBER_OBJECT_CONVERSION = YES_AGGRESSIVE;
				CLANG_CXX_LANGUAGE_STANDARD = "gnu++17";
				CLANG_CXX_LIBRARY = "libc++";
				CLANG_ENABLE_MODULES = YES;
				CLANG_ENABLE_OBJC_ARC = YES;
				CLANG_ENABLE_OBJC_WEAK = YES;
				CLANG_WARN_BLOCK_CAPTURE_AUTORELEASING = YES;
				CLANG_WARN_BOOL_CONVERSION = YES;
				CLANG_WARN_COMMA = YES;
				CLANG_WARN_CONSTANT_CONVERSION = YES;
				CLANG_WARN_DEPRECATED_OBJC_IMPLEMENTATIONS = YES;
				CLANG_WARN_DIRECT_OBJC_ISA_USAGE = YES_ERROR;
				CLANG_WARN_DOCUMENTATION_COMMENTS = YES;
				CLANG_WARN_EMPTY_BODY = YES;
				CLANG_WARN_ENUM_CONVERSION = YES;
				CLANG_WARN_INFINITE_RECURSION = YES;
				CLANG_WARN_INT_CONVERSION = YES;
				CLANG_WARN_NON_LITERAL_NULL_CONVERSION = YES;
				CLANG_WARN_OBJC_IMPLICIT_RETAIN_SELF = YES;
				CLANG_WARN_OBJC_LITERAL_CONVERSION = YES;
				CLANG_WARN_OBJC_ROOT_CLASS = YES_ERROR;
				CLANG_WARN_QUOTED_INCLUDE_IN_FRAMEWORK_HEADER = YES;
				CLANG_WARN_RANGE_LOOP_ANALYSIS = YES;
				CLANG_WARN_STRICT_PROTOTYPES = YES;
				CLANG_WARN_SUSPICIOUS_MOVE = YES;
				CLANG_WARN_UNGUARDED_AVAILABILITY = YES_AGGRESSIVE;
				CLANG_WARN_UNREACHABLE_CODE = YES;
				CLANG_WARN__DUPLICATE_METHOD_MATCH = YES;
				COPY_PHASE_STRIP = NO;
				DEBUG_INFORMATION_FORMAT = dwarf;
				ENABLE_STRICT_OBJC_MSGSEND = YES;
				ENABLE_TESTABILITY = YES;
				GCC_C_LANGUAGE_STANDARD = gnu11;
				GCC_DYNAMIC_NO_PIC = NO;
				GCC_NO_COMMON_BLOCKS = YES;
				GCC_OPTIMIZATION_LEVEL = 0;
				GCC_PREPROCESSOR_DEFINITIONS = (
					"DEBUG=1",
					"$(inherited)",
				);
				GCC_WARN_64_TO_32_BIT_CONVERSION = YES;
				GCC_WARN_ABOUT_RETURN_TYPE = YES_ERROR;
				GCC_WARN_UNDECLARED_SELECTOR = YES;
				GCC_WARN_UNINITIALIZED_AUTOS = YES_AGGRESSIVE;
				GCC_WARN_UNUSED_FUNCTION = YES;
				GCC_WARN_UNUSED_VARIABLE = YES;
				IPHONEOS_DEPLOYMENT_TARGET = 15.2;
				MTL_ENABLE_DEBUG_INFO = INCLUDE_SOURCE;
				MTL_FAST_MATH = YES;
				ONLY_ACTIVE_ARCH = YES;
				SDKROOT = iphoneos;
				SWIFT_ACTIVE_COMPILATION_CONDITIONS = DEBUG;
				SWIFT_OPTIMIZATION_LEVEL = "-Onone";
			};
			name = Debug;
		};
		D905B2E72809B96300FBB5A8 /* Release */ = {
			isa = XCBuildConfiguration;
			buildSettings = {
				ALWAYS_SEARCH_USER_PATHS = NO;
				CLANG_ANALYZER_NONNULL = YES;
				CLANG_ANALYZER_NUMBER_OBJECT_CONVERSION = YES_AGGRESSIVE;
				CLANG_CXX_LANGUAGE_STANDARD = "gnu++17";
				CLANG_CXX_LIBRARY = "libc++";
				CLANG_ENABLE_MODULES = YES;
				CLANG_ENABLE_OBJC_ARC = YES;
				CLANG_ENABLE_OBJC_WEAK = YES;
				CLANG_WARN_BLOCK_CAPTURE_AUTORELEASING = YES;
				CLANG_WARN_BOOL_CONVERSION = YES;
				CLANG_WARN_COMMA = YES;
				CLANG_WARN_CONSTANT_CONVERSION = YES;
				CLANG_WARN_DEPRECATED_OBJC_IMPLEMENTATIONS = YES;
				CLANG_WARN_DIRECT_OBJC_ISA_USAGE = YES_ERROR;
				CLANG_WARN_DOCUMENTATION_COMMENTS = YES;
				CLANG_WARN_EMPTY_BODY = YES;
				CLANG_WARN_ENUM_CONVERSION = YES;
				CLANG_WARN_INFINITE_RECURSION = YES;
				CLANG_WARN_INT_CONVERSION = YES;
				CLANG_WARN_NON_LITERAL_NULL_CONVERSION = YES;
				CLANG_WARN_OBJC_IMPLICIT_RETAIN_SELF = YES;
				CLANG_WARN_OBJC_LITERAL_CONVERSION = YES;
				CLANG_WARN_OBJC_ROOT_CLASS = YES_ERROR;
				CLANG_WARN_QUOTED_INCLUDE_IN_FRAMEWORK_HEADER = YES;
				CLANG_WARN_RANGE_LOOP_ANALYSIS = YES;
				CLANG_WARN_STRICT_PROTOTYPES = YES;
				CLANG_WARN_SUSPICIOUS_MOVE = YES;
				CLANG_WARN_UNGUARDED_AVAILABILITY = YES_AGGRESSIVE;
				CLANG_WARN_UNREACHABLE_CODE = YES;
				CLANG_WARN__DUPLICATE_METHOD_MATCH = YES;
				COPY_PHASE_STRIP = NO;
				DEBUG_INFORMATION_FORMAT = "dwarf-with-dsym";
				ENABLE_NS_ASSERTIONS = NO;
				ENABLE_STRICT_OBJC_MSGSEND = YES;
				GCC_C_LANGUAGE_STANDARD = gnu11;
				GCC_NO_COMMON_BLOCKS = YES;
				GCC_WARN_64_TO_32_BIT_CONVERSION = YES;
				GCC_WARN_ABOUT_RETURN_TYPE = YES_ERROR;
				GCC_WARN_UNDECLARED_SELECTOR = YES;
				GCC_WARN_UNINITIALIZED_AUTOS = YES_AGGRESSIVE;
				GCC_WARN_UNUSED_FUNCTION = YES;
				GCC_WARN_UNUSED_VARIABLE = YES;
				IPHONEOS_DEPLOYMENT_TARGET = 15.2;
				MTL_ENABLE_DEBUG_INFO = NO;
				MTL_FAST_MATH = YES;
				SDKROOT = iphoneos;
				SWIFT_COMPILATION_MODE = wholemodule;
				SWIFT_OPTIMIZATION_LEVEL = "-O";
				VALIDATE_PRODUCT = YES;
			};
			name = Release;
		};
		D905B2E92809B96300FBB5A8 /* Debug */ = {
			isa = XCBuildConfiguration;
			buildSettings = {
				ASSETCATALOG_COMPILER_APPICON_NAME = AppIcon;
				ASSETCATALOG_COMPILER_GLOBAL_ACCENT_COLOR_NAME = AccentColor;
				CODE_SIGN_STYLE = Automatic;
				CURRENT_PROJECT_VERSION = 1;
				GENERATE_INFOPLIST_FILE = YES;
				INFOPLIST_FILE = Login/Info.plist;
				INFOPLIST_KEY_UIApplicationSupportsIndirectInputEvents = YES;
				INFOPLIST_KEY_UILaunchStoryboardName = LaunchScreen;
				INFOPLIST_KEY_UIMainStoryboardFile = Main;
				INFOPLIST_KEY_UISupportedInterfaceOrientations_iPad = "UIInterfaceOrientationPortrait UIInterfaceOrientationPortraitUpsideDown UIInterfaceOrientationLandscapeLeft UIInterfaceOrientationLandscapeRight";
				INFOPLIST_KEY_UISupportedInterfaceOrientations_iPhone = "UIInterfaceOrientationPortrait UIInterfaceOrientationLandscapeLeft UIInterfaceOrientationLandscapeRight";
				LD_RUNPATH_SEARCH_PATHS = (
					"$(inherited)",
					"@executable_path/Frameworks",
				);
				MARKETING_VERSION = 1.0;
				PRODUCT_BUNDLE_IDENTIFIER = org.ssfs.Login;
				PRODUCT_NAME = "$(TARGET_NAME)";
				SWIFT_EMIT_LOC_STRINGS = YES;
				SWIFT_VERSION = 5.0;
				TARGETED_DEVICE_FAMILY = "1,2";
			};
			name = Debug;
		};
		D905B2EA2809B96300FBB5A8 /* Release */ = {
			isa = XCBuildConfiguration;
			buildSettings = {
				ASSETCATALOG_COMPILER_APPICON_NAME = AppIcon;
				ASSETCATALOG_COMPILER_GLOBAL_ACCENT_COLOR_NAME = AccentColor;
				CODE_SIGN_STYLE = Automatic;
				CURRENT_PROJECT_VERSION = 1;
				GENERATE_INFOPLIST_FILE = YES;
				INFOPLIST_FILE = Login/Info.plist;
				INFOPLIST_KEY_UIApplicationSupportsIndirectInputEvents = YES;
				INFOPLIST_KEY_UILaunchStoryboardName = LaunchScreen;
				INFOPLIST_KEY_UIMainStoryboardFile = Main;
				INFOPLIST_KEY_UISupportedInterfaceOrientations_iPad = "UIInterfaceOrientationPortrait UIInterfaceOrientationPortraitUpsideDown UIInterfaceOrientationLandscapeLeft UIInterfaceOrientationLandscapeRight";
				INFOPLIST_KEY_UISupportedInterfaceOrientations_iPhone = "UIInterfaceOrientationPortrait UIInterfaceOrientationLandscapeLeft UIInterfaceOrientationLandscapeRight";
				LD_RUNPATH_SEARCH_PATHS = (
					"$(inherited)",
					"@executable_path/Frameworks",
				);
				MARKETING_VERSION = 1.0;
				PRODUCT_BUNDLE_IDENTIFIER = org.ssfs.Login;
				PRODUCT_NAME = "$(TARGET_NAME)";
				SWIFT_EMIT_LOC_STRINGS = YES;
				SWIFT_VERSION = 5.0;
				TARGETED_DEVICE_FAMILY = "1,2";
			};
			name = Release;
		};
		D905B2EC2809B96300FBB5A8 /* Debug */ = {
			isa = XCBuildConfiguration;
			buildSettings = {
				ALWAYS_EMBED_SWIFT_STANDARD_LIBRARIES = YES;
				BUNDLE_LOADER = "$(TEST_HOST)";
				CODE_SIGN_STYLE = Automatic;
				CURRENT_PROJECT_VERSION = 1;
				GENERATE_INFOPLIST_FILE = YES;
				IPHONEOS_DEPLOYMENT_TARGET = 15.2;
				MARKETING_VERSION = 1.0;
				PRODUCT_BUNDLE_IDENTIFIER = org.ssfs.LoginTests;
				PRODUCT_NAME = "$(TARGET_NAME)";
				SWIFT_EMIT_LOC_STRINGS = NO;
				SWIFT_VERSION = 5.0;
				TARGETED_DEVICE_FAMILY = "1,2";
				TEST_HOST = "$(BUILT_PRODUCTS_DIR)/Login.app/Login";
			};
			name = Debug;
		};
		D905B2ED2809B96300FBB5A8 /* Release */ = {
			isa = XCBuildConfiguration;
			buildSettings = {
				ALWAYS_EMBED_SWIFT_STANDARD_LIBRARIES = YES;
				BUNDLE_LOADER = "$(TEST_HOST)";
				CODE_SIGN_STYLE = Automatic;
				CURRENT_PROJECT_VERSION = 1;
				GENERATE_INFOPLIST_FILE = YES;
				IPHONEOS_DEPLOYMENT_TARGET = 15.2;
				MARKETING_VERSION = 1.0;
				PRODUCT_BUNDLE_IDENTIFIER = org.ssfs.LoginTests;
				PRODUCT_NAME = "$(TARGET_NAME)";
				SWIFT_EMIT_LOC_STRINGS = NO;
				SWIFT_VERSION = 5.0;
				TARGETED_DEVICE_FAMILY = "1,2";
				TEST_HOST = "$(BUILT_PRODUCTS_DIR)/Login.app/Login";
			};
			name = Release;
		};
		D905B2EF2809B96300FBB5A8 /* Debug */ = {
			isa = XCBuildConfiguration;
			buildSettings = {
				ALWAYS_EMBED_SWIFT_STANDARD_LIBRARIES = YES;
				CODE_SIGN_STYLE = Automatic;
				CURRENT_PROJECT_VERSION = 1;
				GENERATE_INFOPLIST_FILE = YES;
				MARKETING_VERSION = 1.0;
				PRODUCT_BUNDLE_IDENTIFIER = org.ssfs.LoginUITests;
				PRODUCT_NAME = "$(TARGET_NAME)";
				SWIFT_EMIT_LOC_STRINGS = NO;
				SWIFT_VERSION = 5.0;
				TARGETED_DEVICE_FAMILY = "1,2";
				TEST_TARGET_NAME = Login;
			};
			name = Debug;
		};
		D905B2F02809B96300FBB5A8 /* Release */ = {
			isa = XCBuildConfiguration;
			buildSettings = {
				ALWAYS_EMBED_SWIFT_STANDARD_LIBRARIES = YES;
				CODE_SIGN_STYLE = Automatic;
				CURRENT_PROJECT_VERSION = 1;
				GENERATE_INFOPLIST_FILE = YES;
				MARKETING_VERSION = 1.0;
				PRODUCT_BUNDLE_IDENTIFIER = org.ssfs.LoginUITests;
				PRODUCT_NAME = "$(TARGET_NAME)";
				SWIFT_EMIT_LOC_STRINGS = NO;
				SWIFT_VERSION = 5.0;
				TARGETED_DEVICE_FAMILY = "1,2";
				TEST_TARGET_NAME = Login;
			};
			name = Release;
		};
/* End XCBuildConfiguration section */

/* Begin XCConfigurationList section */
		D905B2B92809B96000FBB5A8 /* Build configuration list for PBXProject "Login" */ = {
			isa = XCConfigurationList;
			buildConfigurations = (
				D905B2E62809B96300FBB5A8 /* Debug */,
				D905B2E72809B96300FBB5A8 /* Release */,
			);
			defaultConfigurationIsVisible = 0;
			defaultConfigurationName = Release;
		};
		D905B2E82809B96300FBB5A8 /* Build configuration list for PBXNativeTarget "Login" */ = {
			isa = XCConfigurationList;
			buildConfigurations = (
				D905B2E92809B96300FBB5A8 /* Debug */,
				D905B2EA2809B96300FBB5A8 /* Release */,
			);
			defaultConfigurationIsVisible = 0;
			defaultConfigurationName = Release;
		};
		D905B2EB2809B96300FBB5A8 /* Build configuration list for PBXNativeTarget "LoginTests" */ = {
			isa = XCConfigurationList;
			buildConfigurations = (
				D905B2EC2809B96300FBB5A8 /* Debug */,
				D905B2ED2809B96300FBB5A8 /* Release */,
			);
			defaultConfigurationIsVisible = 0;
			defaultConfigurationName = Release;
		};
		D905B2EE2809B96300FBB5A8 /* Build configuration list for PBXNativeTarget "LoginUITests" */ = {
			isa = XCConfigurationList;
			buildConfigurations = (
				D905B2EF2809B96300FBB5A8 /* Debug */,
				D905B2F02809B96300FBB5A8 /* Release */,
			);
			defaultConfigurationIsVisible = 0;
			defaultConfigurationName = Release;
		};
/* End XCConfigurationList section */
	};
	rootObject = D905B2B62809B96000FBB5A8 /* Project object */;
}
