// !$*UTF8*$!
{
	archiveVersion = 1;
	classes = {
	};
	objectVersion = 55;
	objects = {

/* Begin PBXBuildFile section */
		D92A1605281835B7009E6550 /* AppDelegate.swift in Sources */ = {isa = PBXBuildFile; fileRef = D92A1604281835B7009E6550 /* AppDelegate.swift */; };
		D92A1607281835B7009E6550 /* SceneDelegate.swift in Sources */ = {isa = PBXBuildFile; fileRef = D92A1606281835B7009E6550 /* SceneDelegate.swift */; };
		D92A160C281835B7009E6550 /* Main.storyboard in Resources */ = {isa = PBXBuildFile; fileRef = D92A160A281835B7009E6550 /* Main.storyboard */; };
		D92A160E281835BA009E6550 /* Assets.xcassets in Resources */ = {isa = PBXBuildFile; fileRef = D92A160D281835BA009E6550 /* Assets.xcassets */; };
		D92A1611281835BA009E6550 /* LaunchScreen.storyboard in Resources */ = {isa = PBXBuildFile; fileRef = D92A160F281835BA009E6550 /* LaunchScreen.storyboard */; };
		D92A161C281835BA009E6550 /* Meal_TrackerTests.swift in Sources */ = {isa = PBXBuildFile; fileRef = D92A161B281835BA009E6550 /* Meal_TrackerTests.swift */; };
		D92A1626281835BA009E6550 /* Meal_TrackerUITests.swift in Sources */ = {isa = PBXBuildFile; fileRef = D92A1625281835BA009E6550 /* Meal_TrackerUITests.swift */; };
		D92A1628281835BA009E6550 /* Meal_TrackerUITestsLaunchTests.swift in Sources */ = {isa = PBXBuildFile; fileRef = D92A1627281835BA009E6550 /* Meal_TrackerUITestsLaunchTests.swift */; };
		D92A16352818382F009E6550 /* FoodTableViewController.swift in Sources */ = {isa = PBXBuildFile; fileRef = D92A16342818382F009E6550 /* FoodTableViewController.swift */; };
		D92A163728183844009E6550 /* Meal.swift in Sources */ = {isa = PBXBuildFile; fileRef = D92A163628183844009E6550 /* Meal.swift */; };
		D92A163928183855009E6550 /* Food.swift in Sources */ = {isa = PBXBuildFile; fileRef = D92A163828183855009E6550 /* Food.swift */; };
/* End PBXBuildFile section */

/* Begin PBXContainerItemProxy section */
		D92A1618281835BA009E6550 /* PBXContainerItemProxy */ = {
			isa = PBXContainerItemProxy;
			containerPortal = D92A15F9281835B7009E6550 /* Project object */;
			proxyType = 1;
			remoteGlobalIDString = D92A1600281835B7009E6550;
			remoteInfo = "Meal Tracker";
		};
		D92A1622281835BA009E6550 /* PBXContainerItemProxy */ = {
			isa = PBXContainerItemProxy;
			containerPortal = D92A15F9281835B7009E6550 /* Project object */;
			proxyType = 1;
			remoteGlobalIDString = D92A1600281835B7009E6550;
			remoteInfo = "Meal Tracker";
		};
/* End PBXContainerItemProxy section */

/* Begin PBXFileReference section */
		D92A1601281835B7009E6550 /* Meal Tracker.app */ = {isa = PBXFileReference; explicitFileType = wrapper.application; includeInIndex = 0; path = "Meal Tracker.app"; sourceTree = BUILT_PRODUCTS_DIR; };
		D92A1604281835B7009E6550 /* AppDelegate.swift */ = {isa = PBXFileReference; lastKnownFileType = sourcecode.swift; path = AppDelegate.swift; sourceTree = "<group>"; };
		D92A1606281835B7009E6550 /* SceneDelegate.swift */ = {isa = PBXFileReference; lastKnownFileType = sourcecode.swift; path = SceneDelegate.swift; sourceTree = "<group>"; };
		D92A160B281835B7009E6550 /* Base */ = {isa = PBXFileReference; lastKnownFileType = file.storyboard; name = Base; path = Base.lproj/Main.storyboard; sourceTree = "<group>"; };
		D92A160D281835BA009E6550 /* Assets.xcassets */ = {isa = PBXFileReference; lastKnownFileType = folder.assetcatalog; path = Assets.xcassets; sourceTree = "<group>"; };
		D92A1610281835BA009E6550 /* Base */ = {isa = PBXFileReference; lastKnownFileType = file.storyboard; name = Base; path = Base.lproj/LaunchScreen.storyboard; sourceTree = "<group>"; };
		D92A1612281835BA009E6550 /* Info.plist */ = {isa = PBXFileReference; lastKnownFileType = text.plist.xml; path = Info.plist; sourceTree = "<group>"; };
		D92A1617281835BA009E6550 /* Meal TrackerTests.xctest */ = {isa = PBXFileReference; explicitFileType = wrapper.cfbundle; includeInIndex = 0; path = "Meal TrackerTests.xctest"; sourceTree = BUILT_PRODUCTS_DIR; };
		D92A161B281835BA009E6550 /* Meal_TrackerTests.swift */ = {isa = PBXFileReference; lastKnownFileType = sourcecode.swift; path = Meal_TrackerTests.swift; sourceTree = "<group>"; };
		D92A1621281835BA009E6550 /* Meal TrackerUITests.xctest */ = {isa = PBXFileReference; explicitFileType = wrapper.cfbundle; includeInIndex = 0; path = "Meal TrackerUITests.xctest"; sourceTree = BUILT_PRODUCTS_DIR; };
		D92A1625281835BA009E6550 /* Meal_TrackerUITests.swift */ = {isa = PBXFileReference; lastKnownFileType = sourcecode.swift; path = Meal_TrackerUITests.swift; sourceTree = "<group>"; };
		D92A1627281835BA009E6550 /* Meal_TrackerUITestsLaunchTests.swift */ = {isa = PBXFileReference; lastKnownFileType = sourcecode.swift; path = Meal_TrackerUITestsLaunchTests.swift; sourceTree = "<group>"; };
		D92A16342818382F009E6550 /* FoodTableViewController.swift */ = {isa = PBXFileReference; lastKnownFileType = sourcecode.swift; path = FoodTableViewController.swift; sourceTree = "<group>"; };
		D92A163628183844009E6550 /* Meal.swift */ = {isa = PBXFileReference; lastKnownFileType = sourcecode.swift; path = Meal.swift; sourceTree = "<group>"; };
		D92A163828183855009E6550 /* Food.swift */ = {isa = PBXFileReference; lastKnownFileType = sourcecode.swift; path = Food.swift; sourceTree = "<group>"; };
/* End PBXFileReference section */

/* Begin PBXFrameworksBuildPhase section */
		D92A15FE281835B7009E6550 /* Frameworks */ = {
			isa = PBXFrameworksBuildPhase;
			buildActionMask = 2147483647;
			files = (
			);
			runOnlyForDeploymentPostprocessing = 0;
		};
		D92A1614281835BA009E6550 /* Frameworks */ = {
			isa = PBXFrameworksBuildPhase;
			buildActionMask = 2147483647;
			files = (
			);
			runOnlyForDeploymentPostprocessing = 0;
		};
		D92A161E281835BA009E6550 /* Frameworks */ = {
			isa = PBXFrameworksBuildPhase;
			buildActionMask = 2147483647;
			files = (
			);
			runOnlyForDeploymentPostprocessing = 0;
		};
/* End PBXFrameworksBuildPhase section */

/* Begin PBXGroup section */
		D92A15F8281835B7009E6550 = {
			isa = PBXGroup;
			children = (
				D92A1603281835B7009E6550 /* Meal Tracker */,
				D92A161A281835BA009E6550 /* Meal TrackerTests */,
				D92A1624281835BA009E6550 /* Meal TrackerUITests */,
				D92A1602281835B7009E6550 /* Products */,
			);
			sourceTree = "<group>";
		};
		D92A1602281835B7009E6550 /* Products */ = {
			isa = PBXGroup;
			children = (
				D92A1601281835B7009E6550 /* Meal Tracker.app */,
				D92A1617281835BA009E6550 /* Meal TrackerTests.xctest */,
				D92A1621281835BA009E6550 /* Meal TrackerUITests.xctest */,
			);
			name = Products;
			sourceTree = "<group>";
		};
		D92A1603281835B7009E6550 /* Meal Tracker */ = {
			isa = PBXGroup;
			children = (
				D92A1604281835B7009E6550 /* AppDelegate.swift */,
				D92A1606281835B7009E6550 /* SceneDelegate.swift */,
				D92A160A281835B7009E6550 /* Main.storyboard */,
				D92A16342818382F009E6550 /* FoodTableViewController.swift */,
				D92A163628183844009E6550 /* Meal.swift */,
				D92A163828183855009E6550 /* Food.swift */,
				D92A160D281835BA009E6550 /* Assets.xcassets */,
				D92A160F281835BA009E6550 /* LaunchScreen.storyboard */,
				D92A1612281835BA009E6550 /* Info.plist */,
			);
			path = "Meal Tracker";
			sourceTree = "<group>";
		};
		D92A161A281835BA009E6550 /* Meal TrackerTests */ = {
			isa = PBXGroup;
			children = (
				D92A161B281835BA009E6550 /* Meal_TrackerTests.swift */,
			);
			path = "Meal TrackerTests";
			sourceTree = "<group>";
		};
		D92A1624281835BA009E6550 /* Meal TrackerUITests */ = {
			isa = PBXGroup;
			children = (
				D92A1625281835BA009E6550 /* Meal_TrackerUITests.swift */,
				D92A1627281835BA009E6550 /* Meal_TrackerUITestsLaunchTests.swift */,
			);
			path = "Meal TrackerUITests";
			sourceTree = "<group>";
		};
/* End PBXGroup section */

/* Begin PBXNativeTarget section */
		D92A1600281835B7009E6550 /* Meal Tracker */ = {
			isa = PBXNativeTarget;
			buildConfigurationList = D92A162B281835BA009E6550 /* Build configuration list for PBXNativeTarget "Meal Tracker" */;
			buildPhases = (
				D92A15FD281835B7009E6550 /* Sources */,
				D92A15FE281835B7009E6550 /* Frameworks */,
				D92A15FF281835B7009E6550 /* Resources */,
			);
			buildRules = (
			);
			dependencies = (
			);
			name = "Meal Tracker";
			productName = "Meal Tracker";
			productReference = D92A1601281835B7009E6550 /* Meal Tracker.app */;
			productType = "com.apple.product-type.application";
		};
		D92A1616281835BA009E6550 /* Meal TrackerTests */ = {
			isa = PBXNativeTarget;
			buildConfigurationList = D92A162E281835BA009E6550 /* Build configuration list for PBXNativeTarget "Meal TrackerTests" */;
			buildPhases = (
				D92A1613281835BA009E6550 /* Sources */,
				D92A1614281835BA009E6550 /* Frameworks */,
				D92A1615281835BA009E6550 /* Resources */,
			);
			buildRules = (
			);
			dependencies = (
				D92A1619281835BA009E6550 /* PBXTargetDependency */,
			);
			name = "Meal TrackerTests";
			productName = "Meal TrackerTests";
			productReference = D92A1617281835BA009E6550 /* Meal TrackerTests.xctest */;
			productType = "com.apple.product-type.bundle.unit-test";
		};
		D92A1620281835BA009E6550 /* Meal TrackerUITests */ = {
			isa = PBXNativeTarget;
			buildConfigurationList = D92A1631281835BA009E6550 /* Build configuration list for PBXNativeTarget "Meal TrackerUITests" */;
			buildPhases = (
				D92A161D281835BA009E6550 /* Sources */,
				D92A161E281835BA009E6550 /* Frameworks */,
				D92A161F281835BA009E6550 /* Resources */,
			);
			buildRules = (
			);
			dependencies = (
				D92A1623281835BA009E6550 /* PBXTargetDependency */,
			);
			name = "Meal TrackerUITests";
			productName = "Meal TrackerUITests";
			productReference = D92A1621281835BA009E6550 /* Meal TrackerUITests.xctest */;
			productType = "com.apple.product-type.bundle.ui-testing";
		};
/* End PBXNativeTarget section */

/* Begin PBXProject section */
		D92A15F9281835B7009E6550 /* Project object */ = {
			isa = PBXProject;
			attributes = {
				BuildIndependentTargetsInParallel = 1;
				LastSwiftUpdateCheck = 1320;
				LastUpgradeCheck = 1320;
				TargetAttributes = {
					D92A1600281835B7009E6550 = {
						CreatedOnToolsVersion = 13.2.1;
					};
					D92A1616281835BA009E6550 = {
						CreatedOnToolsVersion = 13.2.1;
						TestTargetID = D92A1600281835B7009E6550;
					};
					D92A1620281835BA009E6550 = {
						CreatedOnToolsVersion = 13.2.1;
						TestTargetID = D92A1600281835B7009E6550;
					};
				};
			};
			buildConfigurationList = D92A15FC281835B7009E6550 /* Build configuration list for PBXProject "Meal Tracker" */;
			compatibilityVersion = "Xcode 13.0";
			developmentRegion = en;
			hasScannedForEncodings = 0;
			knownRegions = (
				en,
				Base,
			);
			mainGroup = D92A15F8281835B7009E6550;
			productRefGroup = D92A1602281835B7009E6550 /* Products */;
			projectDirPath = "";
			projectRoot = "";
			targets = (
				D92A1600281835B7009E6550 /* Meal Tracker */,
				D92A1616281835BA009E6550 /* Meal TrackerTests */,
				D92A1620281835BA009E6550 /* Meal TrackerUITests */,
			);
		};
/* End PBXProject section */

/* Begin PBXResourcesBuildPhase section */
		D92A15FF281835B7009E6550 /* Resources */ = {
			isa = PBXResourcesBuildPhase;
			buildActionMask = 2147483647;
			files = (
				D92A1611281835BA009E6550 /* LaunchScreen.storyboard in Resources */,
				D92A160E281835BA009E6550 /* Assets.xcassets in Resources */,
				D92A160C281835B7009E6550 /* Main.storyboard in Resources */,
			);
			runOnlyForDeploymentPostprocessing = 0;
		};
		D92A1615281835BA009E6550 /* Resources */ = {
			isa = PBXResourcesBuildPhase;
			buildActionMask = 2147483647;
			files = (
			);
			runOnlyForDeploymentPostprocessing = 0;
		};
		D92A161F281835BA009E6550 /* Resources */ = {
			isa = PBXResourcesBuildPhase;
			buildActionMask = 2147483647;
			files = (
			);
			runOnlyForDeploymentPostprocessing = 0;
		};
/* End PBXResourcesBuildPhase section */

/* Begin PBXSourcesBuildPhase section */
		D92A15FD281835B7009E6550 /* Sources */ = {
			isa = PBXSourcesBuildPhase;
			buildActionMask = 2147483647;
			files = (
				D92A163728183844009E6550 /* Meal.swift in Sources */,
				D92A1605281835B7009E6550 /* AppDelegate.swift in Sources */,
				D92A163928183855009E6550 /* Food.swift in Sources */,
				D92A16352818382F009E6550 /* FoodTableViewController.swift in Sources */,
				D92A1607281835B7009E6550 /* SceneDelegate.swift in Sources */,
			);
			runOnlyForDeploymentPostprocessing = 0;
		};
		D92A1613281835BA009E6550 /* Sources */ = {
			isa = PBXSourcesBuildPhase;
			buildActionMask = 2147483647;
			files = (
				D92A161C281835BA009E6550 /* Meal_TrackerTests.swift in Sources */,
			);
			runOnlyForDeploymentPostprocessing = 0;
		};
		D92A161D281835BA009E6550 /* Sources */ = {
			isa = PBXSourcesBuildPhase;
			buildActionMask = 2147483647;
			files = (
				D92A1628281835BA009E6550 /* Meal_TrackerUITestsLaunchTests.swift in Sources */,
				D92A1626281835BA009E6550 /* Meal_TrackerUITests.swift in Sources */,
			);
			runOnlyForDeploymentPostprocessing = 0;
		};
/* End PBXSourcesBuildPhase section */

/* Begin PBXTargetDependency section */
		D92A1619281835BA009E6550 /* PBXTargetDependency */ = {
			isa = PBXTargetDependency;
			target = D92A1600281835B7009E6550 /* Meal Tracker */;
			targetProxy = D92A1618281835BA009E6550 /* PBXContainerItemProxy */;
		};
		D92A1623281835BA009E6550 /* PBXTargetDependency */ = {
			isa = PBXTargetDependency;
			target = D92A1600281835B7009E6550 /* Meal Tracker */;
			targetProxy = D92A1622281835BA009E6550 /* PBXContainerItemProxy */;
		};
/* End PBXTargetDependency section */

/* Begin PBXVariantGroup section */
		D92A160A281835B7009E6550 /* Main.storyboard */ = {
			isa = PBXVariantGroup;
			children = (
				D92A160B281835B7009E6550 /* Base */,
			);
			name = Main.storyboard;
			sourceTree = "<group>";
		};
		D92A160F281835BA009E6550 /* LaunchScreen.storyboard */ = {
			isa = PBXVariantGroup;
			children = (
				D92A1610281835BA009E6550 /* Base */,
			);
			name = LaunchScreen.storyboard;
			sourceTree = "<group>";
		};
/* End PBXVariantGroup section */

/* Begin XCBuildConfiguration section */
		D92A1629281835BA009E6550 /* Debug */ = {
			isa = XCBuildConfiguration;
			buildSettings = {
				ALWAYS_SEARCH_USER_PATHS = NO;
				CLANG_ANALYZER_NONNULL = YES;
				CLANG_ANALYZER_NUMBER_OBJECT_CONVERSION = YES_AGGRESSIVE;
				CLANG_CXX_LANGUAGE_STANDARD = "gnu++17";
				CLANG_CXX_LIBRARY = "libc++";
				CLANG_ENABLE_MODULES = YES;
				CLANG_ENABLE_OBJC_ARC = YES;
				CLANG_ENABLE_OBJC_WEAK = YES;
				CLANG_WARN_BLOCK_CAPTURE_AUTORELEASING = YES;
				CLANG_WARN_BOOL_CONVERSION = YES;
				CLANG_WARN_COMMA = YES;
				CLANG_WARN_CONSTANT_CONVERSION = YES;
				CLANG_WARN_DEPRECATED_OBJC_IMPLEMENTATIONS = YES;
				CLANG_WARN_DIRECT_OBJC_ISA_USAGE = YES_ERROR;
				CLANG_WARN_DOCUMENTATION_COMMENTS = YES;
				CLANG_WARN_EMPTY_BODY = YES;
				CLANG_WARN_ENUM_CONVERSION = YES;
				CLANG_WARN_INFINITE_RECURSION = YES;
				CLANG_WARN_INT_CONVERSION = YES;
				CLANG_WARN_NON_LITERAL_NULL_CONVERSION = YES;
				CLANG_WARN_OBJC_IMPLICIT_RETAIN_SELF = YES;
				CLANG_WARN_OBJC_LITERAL_CONVERSION = YES;
				CLANG_WARN_OBJC_ROOT_CLASS = YES_ERROR;
				CLANG_WARN_QUOTED_INCLUDE_IN_FRAMEWORK_HEADER = YES;
				CLANG_WARN_RANGE_LOOP_ANALYSIS = YES;
				CLANG_WARN_STRICT_PROTOTYPES = YES;
				CLANG_WARN_SUSPICIOUS_MOVE = YES;
				CLANG_WARN_UNGUARDED_AVAILABILITY = YES_AGGRESSIVE;
				CLANG_WARN_UNREACHABLE_CODE = YES;
				CLANG_WARN__DUPLICATE_METHOD_MATCH = YES;
				COPY_PHASE_STRIP = NO;
				DEBUG_INFORMATION_FORMAT = dwarf;
				ENABLE_STRICT_OBJC_MSGSEND = YES;
				ENABLE_TESTABILITY = YES;
				GCC_C_LANGUAGE_STANDARD = gnu11;
				GCC_DYNAMIC_NO_PIC = NO;
				GCC_NO_COMMON_BLOCKS = YES;
				GCC_OPTIMIZATION_LEVEL = 0;
				GCC_PREPROCESSOR_DEFINITIONS = (
					"DEBUG=1",
					"$(inherited)",
				);
				GCC_WARN_64_TO_32_BIT_CONVERSION = YES;
				GCC_WARN_ABOUT_RETURN_TYPE = YES_ERROR;
				GCC_WARN_UNDECLARED_SELECTOR = YES;
				GCC_WARN_UNINITIALIZED_AUTOS = YES_AGGRESSIVE;
				GCC_WARN_UNUSED_FUNCTION = YES;
				GCC_WARN_UNUSED_VARIABLE = YES;
				IPHONEOS_DEPLOYMENT_TARGET = 15.2;
				MTL_ENABLE_DEBUG_INFO = INCLUDE_SOURCE;
				MTL_FAST_MATH = YES;
				ONLY_ACTIVE_ARCH = YES;
				SDKROOT = iphoneos;
				SWIFT_ACTIVE_COMPILATION_CONDITIONS = DEBUG;
				SWIFT_OPTIMIZATION_LEVEL = "-Onone";
			};
			name = Debug;
		};
		D92A162A281835BA009E6550 /* Release */ = {
			isa = XCBuildConfiguration;
			buildSettings = {
				ALWAYS_SEARCH_USER_PATHS = NO;
				CLANG_ANALYZER_NONNULL = YES;
				CLANG_ANALYZER_NUMBER_OBJECT_CONVERSION = YES_AGGRESSIVE;
				CLANG_CXX_LANGUAGE_STANDARD = "gnu++17";
				CLANG_CXX_LIBRARY = "libc++";
				CLANG_ENABLE_MODULES = YES;
				CLANG_ENABLE_OBJC_ARC = YES;
				CLANG_ENABLE_OBJC_WEAK = YES;
				CLANG_WARN_BLOCK_CAPTURE_AUTORELEASING = YES;
				CLANG_WARN_BOOL_CONVERSION = YES;
				CLANG_WARN_COMMA = YES;
				CLANG_WARN_CONSTANT_CONVERSION = YES;
				CLANG_WARN_DEPRECATED_OBJC_IMPLEMENTATIONS = YES;
				CLANG_WARN_DIRECT_OBJC_ISA_USAGE = YES_ERROR;
				CLANG_WARN_DOCUMENTATION_COMMENTS = YES;
				CLANG_WARN_EMPTY_BODY = YES;
				CLANG_WARN_ENUM_CONVERSION = YES;
				CLANG_WARN_INFINITE_RECURSION = YES;
				CLANG_WARN_INT_CONVERSION = YES;
				CLANG_WARN_NON_LITERAL_NULL_CONVERSION = YES;
				CLANG_WARN_OBJC_IMPLICIT_RETAIN_SELF = YES;
				CLANG_WARN_OBJC_LITERAL_CONVERSION = YES;
				CLANG_WARN_OBJC_ROOT_CLASS = YES_ERROR;
				CLANG_WARN_QUOTED_INCLUDE_IN_FRAMEWORK_HEADER = YES;
				CLANG_WARN_RANGE_LOOP_ANALYSIS = YES;
				CLANG_WARN_STRICT_PROTOTYPES = YES;
				CLANG_WARN_SUSPICIOUS_MOVE = YES;
				CLANG_WARN_UNGUARDED_AVAILABILITY = YES_AGGRESSIVE;
				CLANG_WARN_UNREACHABLE_CODE = YES;
				CLANG_WARN__DUPLICATE_METHOD_MATCH = YES;
				COPY_PHASE_STRIP = NO;
				DEBUG_INFORMATION_FORMAT = "dwarf-with-dsym";
				ENABLE_NS_ASSERTIONS = NO;
				ENABLE_STRICT_OBJC_MSGSEND = YES;
				GCC_C_LANGUAGE_STANDARD = gnu11;
				GCC_NO_COMMON_BLOCKS = YES;
				GCC_WARN_64_TO_32_BIT_CONVERSION = YES;
				GCC_WARN_ABOUT_RETURN_TYPE = YES_ERROR;
				GCC_WARN_UNDECLARED_SELECTOR = YES;
				GCC_WARN_UNINITIALIZED_AUTOS = YES_AGGRESSIVE;
				GCC_WARN_UNUSED_FUNCTION = YES;
				GCC_WARN_UNUSED_VARIABLE = YES;
				IPHONEOS_DEPLOYMENT_TARGET = 15.2;
				MTL_ENABLE_DEBUG_INFO = NO;
				MTL_FAST_MATH = YES;
				SDKROOT = iphoneos;
				SWIFT_COMPILATION_MODE = wholemodule;
				SWIFT_OPTIMIZATION_LEVEL = "-O";
				VALIDATE_PRODUCT = YES;
			};
			name = Release;
		};
		D92A162C281835BA009E6550 /* Debug */ = {
			isa = XCBuildConfiguration;
			buildSettings = {
				ASSETCATALOG_COMPILER_APPICON_NAME = AppIcon;
				ASSETCATALOG_COMPILER_GLOBAL_ACCENT_COLOR_NAME = AccentColor;
				CODE_SIGN_STYLE = Automatic;
				CURRENT_PROJECT_VERSION = 1;
				GENERATE_INFOPLIST_FILE = YES;
				INFOPLIST_FILE = "Meal Tracker/Info.plist";
				INFOPLIST_KEY_UIApplicationSupportsIndirectInputEvents = YES;
				INFOPLIST_KEY_UILaunchStoryboardName = LaunchScreen;
				INFOPLIST_KEY_UIMainStoryboardFile = Main;
				INFOPLIST_KEY_UISupportedInterfaceOrientations_iPad = "UIInterfaceOrientationPortrait UIInterfaceOrientationPortraitUpsideDown UIInterfaceOrientationLandscapeLeft UIInterfaceOrientationLandscapeRight";
				INFOPLIST_KEY_UISupportedInterfaceOrientations_iPhone = "UIInterfaceOrientationPortrait UIInterfaceOrientationLandscapeLeft UIInterfaceOrientationLandscapeRight";
				LD_RUNPATH_SEARCH_PATHS = (
					"$(inherited)",
					"@executable_path/Frameworks",
				);
				MARKETING_VERSION = 1.0;
				PRODUCT_BUNDLE_IDENTIFIER = "org.ssfs.Meal-Tracker";
				PRODUCT_NAME = "$(TARGET_NAME)";
				SWIFT_EMIT_LOC_STRINGS = YES;
				SWIFT_VERSION = 5.0;
				TARGETED_DEVICE_FAMILY = "1,2";
			};
			name = Debug;
		};
		D92A162D281835BA009E6550 /* Release */ = {
			isa = XCBuildConfiguration;
			buildSettings = {
				ASSETCATALOG_COMPILER_APPICON_NAME = AppIcon;
				ASSETCATALOG_COMPILER_GLOBAL_ACCENT_COLOR_NAME = AccentColor;
				CODE_SIGN_STYLE = Automatic;
				CURRENT_PROJECT_VERSION = 1;
				GENERATE_INFOPLIST_FILE = YES;
				INFOPLIST_FILE = "Meal Tracker/Info.plist";
				INFOPLIST_KEY_UIApplicationSupportsIndirectInputEvents = YES;
				INFOPLIST_KEY_UILaunchStoryboardName = LaunchScreen;
				INFOPLIST_KEY_UIMainStoryboardFile = Main;
				INFOPLIST_KEY_UISupportedInterfaceOrientations_iPad = "UIInterfaceOrientationPortrait UIInterfaceOrientationPortraitUpsideDown UIInterfaceOrientationLandscapeLeft UIInterfaceOrientationLandscapeRight";
				INFOPLIST_KEY_UISupportedInterfaceOrientations_iPhone = "UIInterfaceOrientationPortrait UIInterfaceOrientationLandscapeLeft UIInterfaceOrientationLandscapeRight";
				LD_RUNPATH_SEARCH_PATHS = (
					"$(inherited)",
					"@executable_path/Frameworks",
				);
				MARKETING_VERSION = 1.0;
				PRODUCT_BUNDLE_IDENTIFIER = "org.ssfs.Meal-Tracker";
				PRODUCT_NAME = "$(TARGET_NAME)";
				SWIFT_EMIT_LOC_STRINGS = YES;
				SWIFT_VERSION = 5.0;
				TARGETED_DEVICE_FAMILY = "1,2";
			};
			name = Release;
		};
		D92A162F281835BA009E6550 /* Debug */ = {
			isa = XCBuildConfiguration;
			buildSettings = {
				ALWAYS_EMBED_SWIFT_STANDARD_LIBRARIES = YES;
				BUNDLE_LOADER = "$(TEST_HOST)";
				CODE_SIGN_STYLE = Automatic;
				CURRENT_PROJECT_VERSION = 1;
				GENERATE_INFOPLIST_FILE = YES;
				IPHONEOS_DEPLOYMENT_TARGET = 15.2;
				MARKETING_VERSION = 1.0;
				PRODUCT_BUNDLE_IDENTIFIER = "org.ssfs.Meal-TrackerTests";
				PRODUCT_NAME = "$(TARGET_NAME)";
				SWIFT_EMIT_LOC_STRINGS = NO;
				SWIFT_VERSION = 5.0;
				TARGETED_DEVICE_FAMILY = "1,2";
				TEST_HOST = "$(BUILT_PRODUCTS_DIR)/Meal Tracker.app/Meal Tracker";
			};
			name = Debug;
		};
		D92A1630281835BA009E6550 /* Release */ = {
			isa = XCBuildConfiguration;
			buildSettings = {
				ALWAYS_EMBED_SWIFT_STANDARD_LIBRARIES = YES;
				BUNDLE_LOADER = "$(TEST_HOST)";
				CODE_SIGN_STYLE = Automatic;
				CURRENT_PROJECT_VERSION = 1;
				GENERATE_INFOPLIST_FILE = YES;
				IPHONEOS_DEPLOYMENT_TARGET = 15.2;
				MARKETING_VERSION = 1.0;
				PRODUCT_BUNDLE_IDENTIFIER = "org.ssfs.Meal-TrackerTests";
				PRODUCT_NAME = "$(TARGET_NAME)";
				SWIFT_EMIT_LOC_STRINGS = NO;
				SWIFT_VERSION = 5.0;
				TARGETED_DEVICE_FAMILY = "1,2";
				TEST_HOST = "$(BUILT_PRODUCTS_DIR)/Meal Tracker.app/Meal Tracker";
			};
			name = Release;
		};
		D92A1632281835BA009E6550 /* Debug */ = {
			isa = XCBuildConfiguration;
			buildSettings = {
				ALWAYS_EMBED_SWIFT_STANDARD_LIBRARIES = YES;
				CODE_SIGN_STYLE = Automatic;
				CURRENT_PROJECT_VERSION = 1;
				GENERATE_INFOPLIST_FILE = YES;
				MARKETING_VERSION = 1.0;
				PRODUCT_BUNDLE_IDENTIFIER = "org.ssfs.Meal-TrackerUITests";
				PRODUCT_NAME = "$(TARGET_NAME)";
				SWIFT_EMIT_LOC_STRINGS = NO;
				SWIFT_VERSION = 5.0;
				TARGETED_DEVICE_FAMILY = "1,2";
				TEST_TARGET_NAME = "Meal Tracker";
			};
			name = Debug;
		};
		D92A1633281835BA009E6550 /* Release */ = {
			isa = XCBuildConfiguration;
			buildSettings = {
				ALWAYS_EMBED_SWIFT_STANDARD_LIBRARIES = YES;
				CODE_SIGN_STYLE = Automatic;
				CURRENT_PROJECT_VERSION = 1;
				GENERATE_INFOPLIST_FILE = YES;
				MARKETING_VERSION = 1.0;
				PRODUCT_BUNDLE_IDENTIFIER = "org.ssfs.Meal-TrackerUITests";
				PRODUCT_NAME = "$(TARGET_NAME)";
				SWIFT_EMIT_LOC_STRINGS = NO;
				SWIFT_VERSION = 5.0;
				TARGETED_DEVICE_FAMILY = "1,2";
				TEST_TARGET_NAME = "Meal Tracker";
			};
			name = Release;
		};
/* End XCBuildConfiguration section */

/* Begin XCConfigurationList section */
		D92A15FC281835B7009E6550 /* Build configuration list for PBXProject "Meal Tracker" */ = {
			isa = XCConfigurationList;
			buildConfigurations = (
				D92A1629281835BA009E6550 /* Debug */,
				D92A162A281835BA009E6550 /* Release */,
			);
			defaultConfigurationIsVisible = 0;
			defaultConfigurationName = Release;
		};
		D92A162B281835BA009E6550 /* Build configuration list for PBXNativeTarget "Meal Tracker" */ = {
			isa = XCConfigurationList;
			buildConfigurations = (
				D92A162C281835BA009E6550 /* Debug */,
				D92A162D281835BA009E6550 /* Release */,
			);
			defaultConfigurationIsVisible = 0;
			defaultConfigurationName = Release;
		};
		D92A162E281835BA009E6550 /* Build configuration list for PBXNativeTarget "Meal TrackerTests" */ = {
			isa = XCConfigurationList;
			buildConfigurations = (
				D92A162F281835BA009E6550 /* Debug */,
				D92A1630281835BA009E6550 /* Release */,
			);
			defaultConfigurationIsVisible = 0;
			defaultConfigurationName = Release;
		};
		D92A1631281835BA009E6550 /* Build configuration list for PBXNativeTarget "Meal TrackerUITests" */ = {
			isa = XCConfigurationList;
			buildConfigurations = (
				D92A1632281835BA009E6550 /* Debug */,
				D92A1633281835BA009E6550 /* Release */,
			);
			defaultConfigurationIsVisible = 0;
			defaultConfigurationName = Release;
		};
/* End XCConfigurationList section */
	};
	rootObject = D92A15F9281835B7009E6550 /* Project object */;
}
