// !$*UTF8*$!
{
	archiveVersion = 1;
	classes = {
	};
	objectVersion = 55;
	objects = {

/* Begin PBXBuildFile section */
		D95960A628356B85002F6AB9 /* AppDelegate.swift in Sources */ = {isa = PBXBuildFile; fileRef = D95960A528356B85002F6AB9 /* AppDelegate.swift */; };
		D95960A828356B85002F6AB9 /* SceneDelegate.swift in Sources */ = {isa = PBXBuildFile; fileRef = D95960A728356B85002F6AB9 /* SceneDelegate.swift */; };
		D95960AA28356B85002F6AB9 /* ViewController.swift in Sources */ = {isa = PBXBuildFile; fileRef = D95960A928356B85002F6AB9 /* ViewController.swift */; };
		D95960AD28356B85002F6AB9 /* Main.storyboard in Resources */ = {isa = PBXBuildFile; fileRef = D95960AB28356B85002F6AB9 /* Main.storyboard */; };
		D95960AF28356B88002F6AB9 /* Assets.xcassets in Resources */ = {isa = PBXBuildFile; fileRef = D95960AE28356B88002F6AB9 /* Assets.xcassets */; };
		D95960B228356B88002F6AB9 /* LaunchScreen.storyboard in Resources */ = {isa = PBXBuildFile; fileRef = D95960B028356B88002F6AB9 /* LaunchScreen.storyboard */; };
		D95960BD28356B89002F6AB9 /* Personalized_PomodoroTests.swift in Sources */ = {isa = PBXBuildFile; fileRef = D95960BC28356B89002F6AB9 /* Personalized_PomodoroTests.swift */; };
		D95960C728356B89002F6AB9 /* Personalized_PomodoroUITests.swift in Sources */ = {isa = PBXBuildFile; fileRef = D95960C628356B89002F6AB9 /* Personalized_PomodoroUITests.swift */; };
		D95960C928356B89002F6AB9 /* Personalized_PomodoroUITestsLaunchTests.swift in Sources */ = {isa = PBXBuildFile; fileRef = D95960C828356B89002F6AB9 /* Personalized_PomodoroUITestsLaunchTests.swift */; };
/* End PBXBuildFile section */

/* Begin PBXContainerItemProxy section */
		D95960B928356B89002F6AB9 /* PBXContainerItemProxy */ = {
			isa = PBXContainerItemProxy;
			containerPortal = D959609A28356B85002F6AB9 /* Project object */;
			proxyType = 1;
			remoteGlobalIDString = D95960A128356B85002F6AB9;
			remoteInfo = "Personalized Pomodoro";
		};
		D95960C328356B89002F6AB9 /* PBXContainerItemProxy */ = {
			isa = PBXContainerItemProxy;
			containerPortal = D959609A28356B85002F6AB9 /* Project object */;
			proxyType = 1;
			remoteGlobalIDString = D95960A128356B85002F6AB9;
			remoteInfo = "Personalized Pomodoro";
		};
/* End PBXContainerItemProxy section */

/* Begin PBXFileReference section */
		D95960A228356B85002F6AB9 /* Personalized Pomodoro.app */ = {isa = PBXFileReference; explicitFileType = wrapper.application; includeInIndex = 0; path = "Personalized Pomodoro.app"; sourceTree = BUILT_PRODUCTS_DIR; };
		D95960A528356B85002F6AB9 /* AppDelegate.swift */ = {isa = PBXFileReference; lastKnownFileType = sourcecode.swift; path = AppDelegate.swift; sourceTree = "<group>"; };
		D95960A728356B85002F6AB9 /* SceneDelegate.swift */ = {isa = PBXFileReference; lastKnownFileType = sourcecode.swift; path = SceneDelegate.swift; sourceTree = "<group>"; };
		D95960A928356B85002F6AB9 /* ViewController.swift */ = {isa = PBXFileReference; lastKnownFileType = sourcecode.swift; path = ViewController.swift; sourceTree = "<group>"; };
		D95960AC28356B85002F6AB9 /* Base */ = {isa = PBXFileReference; lastKnownFileType = file.storyboard; name = Base; path = Base.lproj/Main.storyboard; sourceTree = "<group>"; };
		D95960AE28356B88002F6AB9 /* Assets.xcassets */ = {isa = PBXFileReference; lastKnownFileType = folder.assetcatalog; path = Assets.xcassets; sourceTree = "<group>"; };
		D95960B128356B88002F6AB9 /* Base */ = {isa = PBXFileReference; lastKnownFileType = file.storyboard; name = Base; path = Base.lproj/LaunchScreen.storyboard; sourceTree = "<group>"; };
		D95960B328356B88002F6AB9 /* Info.plist */ = {isa = PBXFileReference; lastKnownFileType = text.plist.xml; path = Info.plist; sourceTree = "<group>"; };
		D95960B828356B88002F6AB9 /* Personalized PomodoroTests.xctest */ = {isa = PBXFileReference; explicitFileType = wrapper.cfbundle; includeInIndex = 0; path = "Personalized PomodoroTests.xctest"; sourceTree = BUILT_PRODUCTS_DIR; };
		D95960BC28356B89002F6AB9 /* Personalized_PomodoroTests.swift */ = {isa = PBXFileReference; lastKnownFileType = sourcecode.swift; path = Personalized_PomodoroTests.swift; sourceTree = "<group>"; };
		D95960C228356B89002F6AB9 /* Personalized PomodoroUITests.xctest */ = {isa = PBXFileReference; explicitFileType = wrapper.cfbundle; includeInIndex = 0; path = "Personalized PomodoroUITests.xctest"; sourceTree = BUILT_PRODUCTS_DIR; };
		D95960C628356B89002F6AB9 /* Personalized_PomodoroUITests.swift */ = {isa = PBXFileReference; lastKnownFileType = sourcecode.swift; path = Personalized_PomodoroUITests.swift; sourceTree = "<group>"; };
		D95960C828356B89002F6AB9 /* Personalized_PomodoroUITestsLaunchTests.swift */ = {isa = PBXFileReference; lastKnownFileType = sourcecode.swift; path = Personalized_PomodoroUITestsLaunchTests.swift; sourceTree = "<group>"; };
/* End PBXFileReference section */

/* Begin PBXFrameworksBuildPhase section */
		D959609F28356B85002F6AB9 /* Frameworks */ = {
			isa = PBXFrameworksBuildPhase;
			buildActionMask = 2147483647;
			files = (
			);
			runOnlyForDeploymentPostprocessing = 0;
		};
		D95960B528356B88002F6AB9 /* Frameworks */ = {
			isa = PBXFrameworksBuildPhase;
			buildActionMask = 2147483647;
			files = (
			);
			runOnlyForDeploymentPostprocessing = 0;
		};
		D95960BF28356B89002F6AB9 /* Frameworks */ = {
			isa = PBXFrameworksBuildPhase;
			buildActionMask = 2147483647;
			files = (
			);
			runOnlyForDeploymentPostprocessing = 0;
		};
/* End PBXFrameworksBuildPhase section */

/* Begin PBXGroup section */
		D959609928356B85002F6AB9 = {
			isa = PBXGroup;
			children = (
				D95960A428356B85002F6AB9 /* Personalized Pomodoro */,
				D95960BB28356B89002F6AB9 /* Personalized PomodoroTests */,
				D95960C528356B89002F6AB9 /* Personalized PomodoroUITests */,
				D95960A328356B85002F6AB9 /* Products */,
			);
			sourceTree = "<group>";
		};
		D95960A328356B85002F6AB9 /* Products */ = {
			isa = PBXGroup;
			children = (
				D95960A228356B85002F6AB9 /* Personalized Pomodoro.app */,
				D95960B828356B88002F6AB9 /* Personalized PomodoroTests.xctest */,
				D95960C228356B89002F6AB9 /* Personalized PomodoroUITests.xctest */,
			);
			name = Products;
			sourceTree = "<group>";
		};
		D95960A428356B85002F6AB9 /* Personalized Pomodoro */ = {
			isa = PBXGroup;
			children = (
				D95960A528356B85002F6AB9 /* AppDelegate.swift */,
				D95960A728356B85002F6AB9 /* SceneDelegate.swift */,
				D95960A928356B85002F6AB9 /* ViewController.swift */,
				D95960AB28356B85002F6AB9 /* Main.storyboard */,
				D95960AE28356B88002F6AB9 /* Assets.xcassets */,
				D95960B028356B88002F6AB9 /* LaunchScreen.storyboard */,
				D95960B328356B88002F6AB9 /* Info.plist */,
			);
			path = "Personalized Pomodoro";
			sourceTree = "<group>";
		};
		D95960BB28356B89002F6AB9 /* Personalized PomodoroTests */ = {
			isa = PBXGroup;
			children = (
				D95960BC28356B89002F6AB9 /* Personalized_PomodoroTests.swift */,
			);
			path = "Personalized PomodoroTests";
			sourceTree = "<group>";
		};
		D95960C528356B89002F6AB9 /* Personalized PomodoroUITests */ = {
			isa = PBXGroup;
			children = (
				D95960C628356B89002F6AB9 /* Personalized_PomodoroUITests.swift */,
				D95960C828356B89002F6AB9 /* Personalized_PomodoroUITestsLaunchTests.swift */,
			);
			path = "Personalized PomodoroUITests";
			sourceTree = "<group>";
		};
/* End PBXGroup section */

/* Begin PBXNativeTarget section */
		D95960A128356B85002F6AB9 /* Personalized Pomodoro */ = {
			isa = PBXNativeTarget;
			buildConfigurationList = D95960CC28356B89002F6AB9 /* Build configuration list for PBXNativeTarget "Personalized Pomodoro" */;
			buildPhases = (
				D959609E28356B85002F6AB9 /* Sources */,
				D959609F28356B85002F6AB9 /* Frameworks */,
				D95960A028356B85002F6AB9 /* Resources */,
			);
			buildRules = (
			);
			dependencies = (
			);
			name = "Personalized Pomodoro";
			productName = "Personalized Pomodoro";
			productReference = D95960A228356B85002F6AB9 /* Personalized Pomodoro.app */;
			productType = "com.apple.product-type.application";
		};
		D95960B728356B88002F6AB9 /* Personalized PomodoroTests */ = {
			isa = PBXNativeTarget;
			buildConfigurationList = D95960CF28356B89002F6AB9 /* Build configuration list for PBXNativeTarget "Personalized PomodoroTests" */;
			buildPhases = (
				D95960B428356B88002F6AB9 /* Sources */,
				D95960B528356B88002F6AB9 /* Frameworks */,
				D95960B628356B88002F6AB9 /* Resources */,
			);
			buildRules = (
			);
			dependencies = (
				D95960BA28356B89002F6AB9 /* PBXTargetDependency */,
			);
			name = "Personalized PomodoroTests";
			productName = "Personalized PomodoroTests";
			productReference = D95960B828356B88002F6AB9 /* Personalized PomodoroTests.xctest */;
			productType = "com.apple.product-type.bundle.unit-test";
		};
		D95960C128356B89002F6AB9 /* Personalized PomodoroUITests */ = {
			isa = PBXNativeTarget;
			buildConfigurationList = D95960D228356B89002F6AB9 /* Build configuration list for PBXNativeTarget "Personalized PomodoroUITests" */;
			buildPhases = (
				D95960BE28356B89002F6AB9 /* Sources */,
				D95960BF28356B89002F6AB9 /* Frameworks */,
				D95960C028356B89002F6AB9 /* Resources */,
			);
			buildRules = (
			);
			dependencies = (
				D95960C428356B89002F6AB9 /* PBXTargetDependency */,
			);
			name = "Personalized PomodoroUITests";
			productName = "Personalized PomodoroUITests";
			productReference = D95960C228356B89002F6AB9 /* Personalized PomodoroUITests.xctest */;
			productType = "com.apple.product-type.bundle.ui-testing";
		};
/* End PBXNativeTarget section */

/* Begin PBXProject section */
		D959609A28356B85002F6AB9 /* Project object */ = {
			isa = PBXProject;
			attributes = {
				BuildIndependentTargetsInParallel = 1;
				LastSwiftUpdateCheck = 1320;
				LastUpgradeCheck = 1320;
				TargetAttributes = {
					D95960A128356B85002F6AB9 = {
						CreatedOnToolsVersion = 13.2.1;
					};
					D95960B728356B88002F6AB9 = {
						CreatedOnToolsVersion = 13.2.1;
						TestTargetID = D95960A128356B85002F6AB9;
					};
					D95960C128356B89002F6AB9 = {
						CreatedOnToolsVersion = 13.2.1;
						TestTargetID = D95960A128356B85002F6AB9;
					};
				};
			};
			buildConfigurationList = D959609D28356B85002F6AB9 /* Build configuration list for PBXProject "Personalized Pomodoro" */;
			compatibilityVersion = "Xcode 13.0";
			developmentRegion = en;
			hasScannedForEncodings = 0;
			knownRegions = (
				en,
				Base,
			);
			mainGroup = D959609928356B85002F6AB9;
			productRefGroup = D95960A328356B85002F6AB9 /* Products */;
			projectDirPath = "";
			projectRoot = "";
			targets = (
				D95960A128356B85002F6AB9 /* Personalized Pomodoro */,
				D95960B728356B88002F6AB9 /* Personalized PomodoroTests */,
				D95960C128356B89002F6AB9 /* Personalized PomodoroUITests */,
			);
		};
/* End PBXProject section */

/* Begin PBXResourcesBuildPhase section */
		D95960A028356B85002F6AB9 /* Resources */ = {
			isa = PBXResourcesBuildPhase;
			buildActionMask = 2147483647;
			files = (
				D95960B228356B88002F6AB9 /* LaunchScreen.storyboard in Resources */,
				D95960AF28356B88002F6AB9 /* Assets.xcassets in Resources */,
				D95960AD28356B85002F6AB9 /* Main.storyboard in Resources */,
			);
			runOnlyForDeploymentPostprocessing = 0;
		};
		D95960B628356B88002F6AB9 /* Resources */ = {
			isa = PBXResourcesBuildPhase;
			buildActionMask = 2147483647;
			files = (
			);
			runOnlyForDeploymentPostprocessing = 0;
		};
		D95960C028356B89002F6AB9 /* Resources */ = {
			isa = PBXResourcesBuildPhase;
			buildActionMask = 2147483647;
			files = (
			);
			runOnlyForDeploymentPostprocessing = 0;
		};
/* End PBXResourcesBuildPhase section */

/* Begin PBXSourcesBuildPhase section */
		D959609E28356B85002F6AB9 /* Sources */ = {
			isa = PBXSourcesBuildPhase;
			buildActionMask = 2147483647;
			files = (
				D95960AA28356B85002F6AB9 /* ViewController.swift in Sources */,
				D95960A628356B85002F6AB9 /* AppDelegate.swift in Sources */,
				D95960A828356B85002F6AB9 /* SceneDelegate.swift in Sources */,
			);
			runOnlyForDeploymentPostprocessing = 0;
		};
		D95960B428356B88002F6AB9 /* Sources */ = {
			isa = PBXSourcesBuildPhase;
			buildActionMask = 2147483647;
			files = (
				D95960BD28356B89002F6AB9 /* Personalized_PomodoroTests.swift in Sources */,
			);
			runOnlyForDeploymentPostprocessing = 0;
		};
		D95960BE28356B89002F6AB9 /* Sources */ = {
			isa = PBXSourcesBuildPhase;
			buildActionMask = 2147483647;
			files = (
				D95960C728356B89002F6AB9 /* Personalized_PomodoroUITests.swift in Sources */,
				D95960C928356B89002F6AB9 /* Personalized_PomodoroUITestsLaunchTests.swift in Sources */,
			);
			runOnlyForDeploymentPostprocessing = 0;
		};
/* End PBXSourcesBuildPhase section */

/* Begin PBXTargetDependency section */
		D95960BA28356B89002F6AB9 /* PBXTargetDependency */ = {
			isa = PBXTargetDependency;
			target = D95960A128356B85002F6AB9 /* Personalized Pomodoro */;
			targetProxy = D95960B928356B89002F6AB9 /* PBXContainerItemProxy */;
		};
		D95960C428356B89002F6AB9 /* PBXTargetDependency */ = {
			isa = PBXTargetDependency;
			target = D95960A128356B85002F6AB9 /* Personalized Pomodoro */;
			targetProxy = D95960C328356B89002F6AB9 /* PBXContainerItemProxy */;
		};
/* End PBXTargetDependency section */

/* Begin PBXVariantGroup section */
		D95960AB28356B85002F6AB9 /* Main.storyboard */ = {
			isa = PBXVariantGroup;
			children = (
				D95960AC28356B85002F6AB9 /* Base */,
			);
			name = Main.storyboard;
			sourceTree = "<group>";
		};
		D95960B028356B88002F6AB9 /* LaunchScreen.storyboard */ = {
			isa = PBXVariantGroup;
			children = (
				D95960B128356B88002F6AB9 /* Base */,
			);
			name = LaunchScreen.storyboard;
			sourceTree = "<group>";
		};
/* End PBXVariantGroup section */

/* Begin XCBuildConfiguration section */
		D95960CA28356B89002F6AB9 /* Debug */ = {
			isa = XCBuildConfiguration;
			buildSettings = {
				ALWAYS_SEARCH_USER_PATHS = NO;
				CLANG_ANALYZER_NONNULL = YES;
				CLANG_ANALYZER_NUMBER_OBJECT_CONVERSION = YES_AGGRESSIVE;
				CLANG_CXX_LANGUAGE_STANDARD = "gnu++17";
				CLANG_CXX_LIBRARY = "libc++";
				CLANG_ENABLE_MODULES = YES;
				CLANG_ENABLE_OBJC_ARC = YES;
				CLANG_ENABLE_OBJC_WEAK = YES;
				CLANG_WARN_BLOCK_CAPTURE_AUTORELEASING = YES;
				CLANG_WARN_BOOL_CONVERSION = YES;
				CLANG_WARN_COMMA = YES;
				CLANG_WARN_CONSTANT_CONVERSION = YES;
				CLANG_WARN_DEPRECATED_OBJC_IMPLEMENTATIONS = YES;
				CLANG_WARN_DIRECT_OBJC_ISA_USAGE = YES_ERROR;
				CLANG_WARN_DOCUMENTATION_COMMENTS = YES;
				CLANG_WARN_EMPTY_BODY = YES;
				CLANG_WARN_ENUM_CONVERSION = YES;
				CLANG_WARN_INFINITE_RECURSION = YES;
				CLANG_WARN_INT_CONVERSION = YES;
				CLANG_WARN_NON_LITERAL_NULL_CONVERSION = YES;
				CLANG_WARN_OBJC_IMPLICIT_RETAIN_SELF = YES;
				CLANG_WARN_OBJC_LITERAL_CONVERSION = YES;
				CLANG_WARN_OBJC_ROOT_CLASS = YES_ERROR;
				CLANG_WARN_QUOTED_INCLUDE_IN_FRAMEWORK_HEADER = YES;
				CLANG_WARN_RANGE_LOOP_ANALYSIS = YES;
				CLANG_WARN_STRICT_PROTOTYPES = YES;
				CLANG_WARN_SUSPICIOUS_MOVE = YES;
				CLANG_WARN_UNGUARDED_AVAILABILITY = YES_AGGRESSIVE;
				CLANG_WARN_UNREACHABLE_CODE = YES;
				CLANG_WARN__DUPLICATE_METHOD_MATCH = YES;
				COPY_PHASE_STRIP = NO;
				DEBUG_INFORMATION_FORMAT = dwarf;
				ENABLE_STRICT_OBJC_MSGSEND = YES;
				ENABLE_TESTABILITY = YES;
				GCC_C_LANGUAGE_STANDARD = gnu11;
				GCC_DYNAMIC_NO_PIC = NO;
				GCC_NO_COMMON_BLOCKS = YES;
				GCC_OPTIMIZATION_LEVEL = 0;
				GCC_PREPROCESSOR_DEFINITIONS = (
					"DEBUG=1",
					"$(inherited)",
				);
				GCC_WARN_64_TO_32_BIT_CONVERSION = YES;
				GCC_WARN_ABOUT_RETURN_TYPE = YES_ERROR;
				GCC_WARN_UNDECLARED_SELECTOR = YES;
				GCC_WARN_UNINITIALIZED_AUTOS = YES_AGGRESSIVE;
				GCC_WARN_UNUSED_FUNCTION = YES;
				GCC_WARN_UNUSED_VARIABLE = YES;
				IPHONEOS_DEPLOYMENT_TARGET = 15.2;
				MTL_ENABLE_DEBUG_INFO = INCLUDE_SOURCE;
				MTL_FAST_MATH = YES;
				ONLY_ACTIVE_ARCH = YES;
				SDKROOT = iphoneos;
				SWIFT_ACTIVE_COMPILATION_CONDITIONS = DEBUG;
				SWIFT_OPTIMIZATION_LEVEL = "-Onone";
			};
			name = Debug;
		};
		D95960CB28356B89002F6AB9 /* Release */ = {
			isa = XCBuildConfiguration;
			buildSettings = {
				ALWAYS_SEARCH_USER_PATHS = NO;
				CLANG_ANALYZER_NONNULL = YES;
				CLANG_ANALYZER_NUMBER_OBJECT_CONVERSION = YES_AGGRESSIVE;
				CLANG_CXX_LANGUAGE_STANDARD = "gnu++17";
				CLANG_CXX_LIBRARY = "libc++";
				CLANG_ENABLE_MODULES = YES;
				CLANG_ENABLE_OBJC_ARC = YES;
				CLANG_ENABLE_OBJC_WEAK = YES;
				CLANG_WARN_BLOCK_CAPTURE_AUTORELEASING = YES;
				CLANG_WARN_BOOL_CONVERSION = YES;
				CLANG_WARN_COMMA = YES;
				CLANG_WARN_CONSTANT_CONVERSION = YES;
				CLANG_WARN_DEPRECATED_OBJC_IMPLEMENTATIONS = YES;
				CLANG_WARN_DIRECT_OBJC_ISA_USAGE = YES_ERROR;
				CLANG_WARN_DOCUMENTATION_COMMENTS = YES;
				CLANG_WARN_EMPTY_BODY = YES;
				CLANG_WARN_ENUM_CONVERSION = YES;
				CLANG_WARN_INFINITE_RECURSION = YES;
				CLANG_WARN_INT_CONVERSION = YES;
				CLANG_WARN_NON_LITERAL_NULL_CONVERSION = YES;
				CLANG_WARN_OBJC_IMPLICIT_RETAIN_SELF = YES;
				CLANG_WARN_OBJC_LITERAL_CONVERSION = YES;
				CLANG_WARN_OBJC_ROOT_CLASS = YES_ERROR;
				CLANG_WARN_QUOTED_INCLUDE_IN_FRAMEWORK_HEADER = YES;
				CLANG_WARN_RANGE_LOOP_ANALYSIS = YES;
				CLANG_WARN_STRICT_PROTOTYPES = YES;
				CLANG_WARN_SUSPICIOUS_MOVE = YES;
				CLANG_WARN_UNGUARDED_AVAILABILITY = YES_AGGRESSIVE;
				CLANG_WARN_UNREACHABLE_CODE = YES;
				CLANG_WARN__DUPLICATE_METHOD_MATCH = YES;
				COPY_PHASE_STRIP = NO;
				DEBUG_INFORMATION_FORMAT = "dwarf-with-dsym";
				ENABLE_NS_ASSERTIONS = NO;
				ENABLE_STRICT_OBJC_MSGSEND = YES;
				GCC_C_LANGUAGE_STANDARD = gnu11;
				GCC_NO_COMMON_BLOCKS = YES;
				GCC_WARN_64_TO_32_BIT_CONVERSION = YES;
				GCC_WARN_ABOUT_RETURN_TYPE = YES_ERROR;
				GCC_WARN_UNDECLARED_SELECTOR = YES;
				GCC_WARN_UNINITIALIZED_AUTOS = YES_AGGRESSIVE;
				GCC_WARN_UNUSED_FUNCTION = YES;
				GCC_WARN_UNUSED_VARIABLE = YES;
				IPHONEOS_DEPLOYMENT_TARGET = 15.2;
				MTL_ENABLE_DEBUG_INFO = NO;
				MTL_FAST_MATH = YES;
				SDKROOT = iphoneos;
				SWIFT_COMPILATION_MODE = wholemodule;
				SWIFT_OPTIMIZATION_LEVEL = "-O";
				VALIDATE_PRODUCT = YES;
			};
			name = Release;
		};
		D95960CD28356B89002F6AB9 /* Debug */ = {
			isa = XCBuildConfiguration;
			buildSettings = {
				ASSETCATALOG_COMPILER_APPICON_NAME = AppIcon;
				ASSETCATALOG_COMPILER_GLOBAL_ACCENT_COLOR_NAME = AccentColor;
				CODE_SIGN_STYLE = Automatic;
				CURRENT_PROJECT_VERSION = 1;
				GENERATE_INFOPLIST_FILE = YES;
				INFOPLIST_FILE = "Personalized Pomodoro/Info.plist";
				INFOPLIST_KEY_UIApplicationSupportsIndirectInputEvents = YES;
				INFOPLIST_KEY_UILaunchStoryboardName = LaunchScreen;
				INFOPLIST_KEY_UIMainStoryboardFile = Main;
				INFOPLIST_KEY_UISupportedInterfaceOrientations_iPad = "UIInterfaceOrientationPortrait UIInterfaceOrientationPortraitUpsideDown UIInterfaceOrientationLandscapeLeft UIInterfaceOrientationLandscapeRight";
				INFOPLIST_KEY_UISupportedInterfaceOrientations_iPhone = "UIInterfaceOrientationPortrait UIInterfaceOrientationLandscapeLeft UIInterfaceOrientationLandscapeRight";
				LD_RUNPATH_SEARCH_PATHS = (
					"$(inherited)",
					"@executable_path/Frameworks",
				);
				MARKETING_VERSION = 1.0;
				PRODUCT_BUNDLE_IDENTIFIER = "org.ssfs.Personalized-Pomodoro";
				PRODUCT_NAME = "$(TARGET_NAME)";
				SWIFT_EMIT_LOC_STRINGS = YES;
				SWIFT_VERSION = 5.0;
				TARGETED_DEVICE_FAMILY = "1,2";
			};
			name = Debug;
		};
		D95960CE28356B89002F6AB9 /* Release */ = {
			isa = XCBuildConfiguration;
			buildSettings = {
				ASSETCATALOG_COMPILER_APPICON_NAME = AppIcon;
				ASSETCATALOG_COMPILER_GLOBAL_ACCENT_COLOR_NAME = AccentColor;
				CODE_SIGN_STYLE = Automatic;
				CURRENT_PROJECT_VERSION = 1;
				GENERATE_INFOPLIST_FILE = YES;
				INFOPLIST_FILE = "Personalized Pomodoro/Info.plist";
				INFOPLIST_KEY_UIApplicationSupportsIndirectInputEvents = YES;
				INFOPLIST_KEY_UILaunchStoryboardName = LaunchScreen;
				INFOPLIST_KEY_UIMainStoryboardFile = Main;
				INFOPLIST_KEY_UISupportedInterfaceOrientations_iPad = "UIInterfaceOrientationPortrait UIInterfaceOrientationPortraitUpsideDown UIInterfaceOrientationLandscapeLeft UIInterfaceOrientationLandscapeRight";
				INFOPLIST_KEY_UISupportedInterfaceOrientations_iPhone = "UIInterfaceOrientationPortrait UIInterfaceOrientationLandscapeLeft UIInterfaceOrientationLandscapeRight";
				LD_RUNPATH_SEARCH_PATHS = (
					"$(inherited)",
					"@executable_path/Frameworks",
				);
				MARKETING_VERSION = 1.0;
				PRODUCT_BUNDLE_IDENTIFIER = "org.ssfs.Personalized-Pomodoro";
				PRODUCT_NAME = "$(TARGET_NAME)";
				SWIFT_EMIT_LOC_STRINGS = YES;
				SWIFT_VERSION = 5.0;
				TARGETED_DEVICE_FAMILY = "1,2";
			};
			name = Release;
		};
		D95960D028356B89002F6AB9 /* Debug */ = {
			isa = XCBuildConfiguration;
			buildSettings = {
				ALWAYS_EMBED_SWIFT_STANDARD_LIBRARIES = YES;
				BUNDLE_LOADER = "$(TEST_HOST)";
				CODE_SIGN_STYLE = Automatic;
				CURRENT_PROJECT_VERSION = 1;
				GENERATE_INFOPLIST_FILE = YES;
				IPHONEOS_DEPLOYMENT_TARGET = 15.2;
				MARKETING_VERSION = 1.0;
				PRODUCT_BUNDLE_IDENTIFIER = "org.ssfs.Personalized-PomodoroTests";
				PRODUCT_NAME = "$(TARGET_NAME)";
				SWIFT_EMIT_LOC_STRINGS = NO;
				SWIFT_VERSION = 5.0;
				TARGETED_DEVICE_FAMILY = "1,2";
				TEST_HOST = "$(BUILT_PRODUCTS_DIR)/Personalized Pomodoro.app/Personalized Pomodoro";
			};
			name = Debug;
		};
		D95960D128356B89002F6AB9 /* Release */ = {
			isa = XCBuildConfiguration;
			buildSettings = {
				ALWAYS_EMBED_SWIFT_STANDARD_LIBRARIES = YES;
				BUNDLE_LOADER = "$(TEST_HOST)";
				CODE_SIGN_STYLE = Automatic;
				CURRENT_PROJECT_VERSION = 1;
				GENERATE_INFOPLIST_FILE = YES;
				IPHONEOS_DEPLOYMENT_TARGET = 15.2;
				MARKETING_VERSION = 1.0;
				PRODUCT_BUNDLE_IDENTIFIER = "org.ssfs.Personalized-PomodoroTests";
				PRODUCT_NAME = "$(TARGET_NAME)";
				SWIFT_EMIT_LOC_STRINGS = NO;
				SWIFT_VERSION = 5.0;
				TARGETED_DEVICE_FAMILY = "1,2";
				TEST_HOST = "$(BUILT_PRODUCTS_DIR)/Personalized Pomodoro.app/Personalized Pomodoro";
			};
			name = Release;
		};
		D95960D328356B89002F6AB9 /* Debug */ = {
			isa = XCBuildConfiguration;
			buildSettings = {
				ALWAYS_EMBED_SWIFT_STANDARD_LIBRARIES = YES;
				CODE_SIGN_STYLE = Automatic;
				CURRENT_PROJECT_VERSION = 1;
				GENERATE_INFOPLIST_FILE = YES;
				MARKETING_VERSION = 1.0;
				PRODUCT_BUNDLE_IDENTIFIER = "org.ssfs.Personalized-PomodoroUITests";
				PRODUCT_NAME = "$(TARGET_NAME)";
				SWIFT_EMIT_LOC_STRINGS = NO;
				SWIFT_VERSION = 5.0;
				TARGETED_DEVICE_FAMILY = "1,2";
				TEST_TARGET_NAME = "Personalized Pomodoro";
			};
			name = Debug;
		};
		D95960D428356B89002F6AB9 /* Release */ = {
			isa = XCBuildConfiguration;
			buildSettings = {
				ALWAYS_EMBED_SWIFT_STANDARD_LIBRARIES = YES;
				CODE_SIGN_STYLE = Automatic;
				CURRENT_PROJECT_VERSION = 1;
				GENERATE_INFOPLIST_FILE = YES;
				MARKETING_VERSION = 1.0;
				PRODUCT_BUNDLE_IDENTIFIER = "org.ssfs.Personalized-PomodoroUITests";
				PRODUCT_NAME = "$(TARGET_NAME)";
				SWIFT_EMIT_LOC_STRINGS = NO;
				SWIFT_VERSION = 5.0;
				TARGETED_DEVICE_FAMILY = "1,2";
				TEST_TARGET_NAME = "Personalized Pomodoro";
			};
			name = Release;
		};
/* End XCBuildConfiguration section */

/* Begin XCConfigurationList section */
		D959609D28356B85002F6AB9 /* Build configuration list for PBXProject "Personalized Pomodoro" */ = {
			isa = XCConfigurationList;
			buildConfigurations = (
				D95960CA28356B89002F6AB9 /* Debug */,
				D95960CB28356B89002F6AB9 /* Release */,
			);
			defaultConfigurationIsVisible = 0;
			defaultConfigurationName = Release;
		};
		D95960CC28356B89002F6AB9 /* Build configuration list for PBXNativeTarget "Personalized Pomodoro" */ = {
			isa = XCConfigurationList;
			buildConfigurations = (
				D95960CD28356B89002F6AB9 /* Debug */,
				D95960CE28356B89002F6AB9 /* Release */,
			);
			defaultConfigurationIsVisible = 0;
			defaultConfigurationName = Release;
		};
		D95960CF28356B89002F6AB9 /* Build configuration list for PBXNativeTarget "Personalized PomodoroTests" */ = {
			isa = XCConfigurationList;
			buildConfigurations = (
				D95960D028356B89002F6AB9 /* Debug */,
				D95960D128356B89002F6AB9 /* Release */,
			);
			defaultConfigurationIsVisible = 0;
			defaultConfigurationName = Release;
		};
		D95960D228356B89002F6AB9 /* Build configuration list for PBXNativeTarget "Personalized PomodoroUITests" */ = {
			isa = XCConfigurationList;
			buildConfigurations = (
				D95960D328356B89002F6AB9 /* Debug */,
				D95960D428356B89002F6AB9 /* Release */,
			);
			defaultConfigurationIsVisible = 0;
			defaultConfigurationName = Release;
		};
/* End XCConfigurationList section */
	};
	rootObject = D959609A28356B85002F6AB9 /* Project object */;
}
